
Microsoft Visual Studio Solution File, Format Version 12.00
# Visual Studio Version 17
VisualStudioVersion = 17.8.34330.188
MinimumVisualStudioVersion = 10.0.40219.1
Project("{FAE04EC0-301F-11D3-BF4B-00C04F79EFBC}") = "AirportApi", "AirportApi\AirportApi.csproj", "{E2163A82-6097-40AD-9B69-E4AA501A1F32}"
EndProject
Project("{FAE04EC0-301F-11D3-BF4B-00C04F79EFBC}") = "AirportApi.DataAccess", "AirportApi.DataAccess\AirportApi.DataAccess.csproj", "{BB4FCEAE-5F3E-44A3-872F-957E2D2279AF}"
EndProject
Project("{FAE04EC0-301F-11D3-BF4B-00C04F79EFBC}") = "Models", "Models\Models.csproj", "{70B81575-AEC9-422F-B4D2-41C96E95E951}"
EndProject
Global
	GlobalSection(SolutionConfigurationPlatforms) = preSolution
		Debug|Any CPU = Debug|Any CPU
		Release|Any CPU = Release|Any CPU
	EndGlobalSection
	GlobalSection(ProjectConfigurationPlatforms) = postSolution
		{E2163A82-6097-40AD-9B69-E4AA501A1F32}.Debug|Any CPU.ActiveCfg = Debug|Any CPU
		{E2163A82-6097-40AD-9B69-E4AA501A1F32}.Debug|Any CPU.Build.0 = Debug|Any CPU
		{E2163A82-6097-40AD-9B69-E4AA501A1F32}.Release|Any CPU.ActiveCfg = Release|Any CPU
		{E2163A82-6097-40AD-9B69-E4AA501A1F32}.Release|Any CPU.Build.0 = Release|Any CPU
		{BB4FCEAE-5F3E-44A3-872F-957E2D2279AF}.Debug|Any CPU.ActiveCfg = Debug|Any CPU
		{BB4FCEAE-5F3E-44A3-872F-957E2D2279AF}.Debug|Any CPU.Build.0 = Debug|Any CPU
		{BB4FCEAE-5F3E-44A3-872F-957E2D2279AF}.Release|Any CPU.ActiveCfg = Release|Any CPU
		{BB4FCEAE-5F3E-44A3-872F-957E2D2279AF}.Release|Any CPU.Build.0 = Release|Any CPU
		{70B81575-AEC9-422F-B4D2-41C96E95E951}.Debug|Any CPU.ActiveCfg = Debug|Any CPU
		{70B81575-AEC9-422F-B4D2-41C96E95E951}.Debug|Any CPU.Build.0 = Debug|Any CPU
		{70B81575-AEC9-422F-B4D2-41C96E95E951}.Release|Any CPU.ActiveCfg = Release|Any CPU
		{70B81575-AEC9-422F-B4D2-41C96E95E951}.Release|Any CPU.Build.0 = Release|Any CPU
	EndGlobalSection
	GlobalSection(SolutionProperties) = preSolution
		HideSolutionNode = FALSE
	EndGlobalSection
	GlobalSection(ExtensibilityGlobals) = postSolution
		SolutionGuid = {B2BB3ABB-859A-4431-814E-97E786179783}
	EndGlobalSection
EndGlobal
